
Microsoft Visual Studio Solution File, Format Version 12.00
# Visual Studio 15
VisualStudioVersion = 15.0.27703.2000
MinimumVisualStudioVersion = 10.0.40219.1
Project("{FAE04EC0-301F-11D3-BF4B-00C04F79EFBC}") = "DesignPatterns", "DesignPatterns\DesignPatterns.csproj", "{450C642A-6A2D-4B5B-ACB6-78492FC7657C}"
EndProject
Global
	GlobalSection(SolutionConfigurationPlatforms) = preSolution
		Debug|Any CPU = Debug|Any CPU
		Release|Any CPU = Release|Any CPU
	EndGlobalSection
	GlobalSection(ProjectConfigurationPlatforms) = postSolution
		{450C642A-6A2D-4B5B-ACB6-78492FC7657C}.Debug|Any CPU.ActiveCfg = Debug|Any CPU
		{450C642A-6A2D-4B5B-ACB6-78492FC7657C}.Debug|Any CPU.Build.0 = Debug|Any CPU
		{450C642A-6A2D-4B5B-ACB6-78492FC7657C}.Release|Any CPU.ActiveCfg = Release|Any CPU
		{450C642A-6A2D-4B5B-ACB6-78492FC7657C}.Release|Any CPU.Build.0 = Release|Any CPU
	EndGlobalSection
	GlobalSection(SolutionProperties) = preSolution
		HideSolutionNode = FALSE
	EndGlobalSection
	GlobalSection(ExtensibilityGlobals) = postSolution
		SolutionGuid = {BD22A76F-B03F-418D-B83F-E1D8E782D7B4}
	EndGlobalSection
EndGlobal
